// !$*UTF8*$!
{
	archiveVersion = 1;
	classes = {
	};
	objectVersion = 51;
	objects = {

/* Begin PBXBuildFile section */
		D1F87789D81E3179A4054192 /* libPods-PixelFreeEffects.a in Frameworks */ = {isa = PBXBuildFile; fileRef = EEC98CB76814260373C7DB28 /* libPods-PixelFreeEffects.a */; };
		E3098F652500E89C008DF058 /* AppDelegate.m in Sources */ = {isa = PBXBuildFile; fileRef = E3098F642500E89C008DF058 /* AppDelegate.m */; };
		E3098F682500E89C008DF058 /* SceneDelegate.m in Sources */ = {isa = PBXBuildFile; fileRef = E3098F672500E89C008DF058 /* SceneDelegate.m */; };
		E3098F6E2500E89C008DF058 /* Main.storyboard in Resources */ = {isa = PBXBuildFile; fileRef = E3098F6C2500E89C008DF058 /* Main.storyboard */; };
		E3098F702500E8A0008DF058 /* Assets.xcassets in Resources */ = {isa = PBXBuildFile; fileRef = E3098F6F2500E8A0008DF058 /* Assets.xcassets */; };
		E3098F732500E8A0008DF058 /* LaunchScreen.storyboard in Resources */ = {isa = PBXBuildFile; fileRef = E3098F712500E8A0008DF058 /* LaunchScreen.storyboard */; };
		E3098F762500E8A0008DF058 /* main.m in Sources */ = {isa = PBXBuildFile; fileRef = E3098F752500E8A0008DF058 /* main.m */; };
		E30990702500E98D008DF058 /* filter_lutup_pink.png in Resources */ = {isa = PBXBuildFile; fileRef = E3098F812500E98B008DF058 /* filter_lutup_pink.png */; };
		E30990712500E98D008DF058 /* filter_lutup_ol.png in Resources */ = {isa = PBXBuildFile; fileRef = E3098F822500E98B008DF058 /* filter_lutup_ol.png */; };
		E30991302500E98D008DF058 /* ViewController.m in Sources */ = {isa = PBXBuildFile; fileRef = E30990482500E98B008DF058 /* ViewController.m */; };
		E30991312500E98D008DF058 /* FUBottomColletionView.m in Sources */ = {isa = PBXBuildFile; fileRef = E309904D2500E98D008DF058 /* FUBottomColletionView.m */; };
		E30991322500E98D008DF058 /* Media.xcassets in Resources */ = {isa = PBXBuildFile; fileRef = E309904E2500E98D008DF058 /* Media.xcassets */; };
		E30991332500E98D008DF058 /* FUDemoBar.strings in Resources */ = {isa = PBXBuildFile; fileRef = E309904F2500E98D008DF058 /* FUDemoBar.strings */; };
		E30991342500E98D008DF058 /* Localizable.strings in Resources */ = {isa = PBXBuildFile; fileRef = E30990512500E98D008DF058 /* Localizable.strings */; };
		E30991352500E98D008DF058 /* FUBeautyEditView.m in Sources */ = {isa = PBXBuildFile; fileRef = E30990552500E98D008DF058 /* FUBeautyEditView.m */; };
		E30991362500E98D008DF058 /* FUSlider.m in Sources */ = {isa = PBXBuildFile; fileRef = E30990572500E98D008DF058 /* FUSlider.m */; };
		E30991372500E98D008DF058 /* FUBeautyParam.m in Sources */ = {isa = PBXBuildFile; fileRef = E30990592500E98D008DF058 /* FUBeautyParam.m */; };
		E30991382500E98D008DF058 /* FUFilterView.m in Sources */ = {isa = PBXBuildFile; fileRef = E309905A2500E98D008DF058 /* FUFilterView.m */; };
		E30991392500E98D008DF058 /* UIImage+demobar.m in Sources */ = {isa = PBXBuildFile; fileRef = E309905B2500E98D008DF058 /* UIImage+demobar.m */; };
		E309913A2500E98D008DF058 /* FUAPIDemoBar.m in Sources */ = {isa = PBXBuildFile; fileRef = E309905C2500E98D008DF058 /* FUAPIDemoBar.m */; };
		E309913B2500E98D008DF058 /* FUAPIDemoBar.xib in Resources */ = {isa = PBXBuildFile; fileRef = E309905D2500E98D008DF058 /* FUAPIDemoBar.xib */; };
		E309913C2500E98D008DF058 /* UIColor+FUAPIDemoBar.m in Sources */ = {isa = PBXBuildFile; fileRef = E30990602500E98D008DF058 /* UIColor+FUAPIDemoBar.m */; };
		E309913D2500E98D008DF058 /* FUBeautyView.m in Sources */ = {isa = PBXBuildFile; fileRef = E30990622500E98D008DF058 /* FUBeautyView.m */; };
		E309913E2500E98D008DF058 /* FUDateHandle.m in Sources */ = {isa = PBXBuildFile; fileRef = E30990652500E98D008DF058 /* FUDateHandle.m */; };
		E309913F2500E98D008DF058 /* SMEffectFilter.m in Sources */ = {isa = PBXBuildFile; fileRef = E309906C2500E98D008DF058 /* SMEffectFilter.m */; };
		E30991422500E9D3008DF058 /* Stickers in Resources */ = {isa = PBXBuildFile; fileRef = E30991412500E9D3008DF058 /* Stickers */; };
		E30991432500E9EE008DF058 /* pixelFree.framework in Frameworks */ = {isa = PBXBuildFile; fileRef = E3098F7D2500E95F008DF058 /* pixelFree.framework */; };
		E30991442500E9EE008DF058 /* pixelFree.framework in Embed Frameworks */ = {isa = PBXBuildFile; fileRef = E3098F7D2500E95F008DF058 /* pixelFree.framework */; settings = {ATTRIBUTES = (CodeSignOnCopy, RemoveHeadersOnCopy, ); }; };
/* End PBXBuildFile section */

/* Begin PBXCopyFilesBuildPhase section */
		E30991452500E9EE008DF058 /* Embed Frameworks */ = {
			isa = PBXCopyFilesBuildPhase;
			buildActionMask = 2147483647;
			dstPath = "";
			dstSubfolderSpec = 10;
			files = (
				E30991442500E9EE008DF058 /* pixelFree.framework in Embed Frameworks */,
			);
			name = "Embed Frameworks";
			runOnlyForDeploymentPostprocessing = 0;
		};
/* End PBXCopyFilesBuildPhase section */

/* Begin PBXFileReference section */
		4313684DE992B5A1A4E3ECC3 /* Pods-PixelFreeEffects.debug.xcconfig */ = {isa = PBXFileReference; includeInIndex = 1; lastKnownFileType = text.xcconfig; name = "Pods-PixelFreeEffects.debug.xcconfig"; path = "Target Support Files/Pods-PixelFreeEffects/Pods-PixelFreeEffects.debug.xcconfig"; sourceTree = "<group>"; };
		46320CC86CF3EA4634C17980 /* Pods-PixelFreeEffects.release.xcconfig */ = {isa = PBXFileReference; includeInIndex = 1; lastKnownFileType = text.xcconfig; name = "Pods-PixelFreeEffects.release.xcconfig"; path = "Target Support Files/Pods-PixelFreeEffects/Pods-PixelFreeEffects.release.xcconfig"; sourceTree = "<group>"; };
		E3098F602500E89C008DF058 /* PixelFreeEffects.app */ = {isa = PBXFileReference; explicitFileType = wrapper.application; includeInIndex = 0; path = PixelFreeEffects.app; sourceTree = BUILT_PRODUCTS_DIR; };
		E3098F632500E89C008DF058 /* AppDelegate.h */ = {isa = PBXFileReference; lastKnownFileType = sourcecode.c.h; path = AppDelegate.h; sourceTree = "<group>"; };
		E3098F642500E89C008DF058 /* AppDelegate.m */ = {isa = PBXFileReference; lastKnownFileType = sourcecode.c.objc; path = AppDelegate.m; sourceTree = "<group>"; };
		E3098F662500E89C008DF058 /* SceneDelegate.h */ = {isa = PBXFileReference; lastKnownFileType = sourcecode.c.h; path = SceneDelegate.h; sourceTree = "<group>"; };
		E3098F672500E89C008DF058 /* SceneDelegate.m */ = {isa = PBXFileReference; lastKnownFileType = sourcecode.c.objc; path = SceneDelegate.m; sourceTree = "<group>"; };
		E3098F6D2500E89C008DF058 /* Base */ = {isa = PBXFileReference; lastKnownFileType = file.storyboard; name = Base; path = Base.lproj/Main.storyboard; sourceTree = "<group>"; };
		E3098F6F2500E8A0008DF058 /* Assets.xcassets */ = {isa = PBXFileReference; lastKnownFileType = folder.assetcatalog; path = Assets.xcassets; sourceTree = "<group>"; };
		E3098F722500E8A0008DF058 /* Base */ = {isa = PBXFileReference; lastKnownFileType = file.storyboard; name = Base; path = Base.lproj/LaunchScreen.storyboard; sourceTree = "<group>"; };
		E3098F742500E8A0008DF058 /* Info.plist */ = {isa = PBXFileReference; lastKnownFileType = text.plist.xml; path = Info.plist; sourceTree = "<group>"; };
		E3098F752500E8A0008DF058 /* main.m */ = {isa = PBXFileReference; lastKnownFileType = sourcecode.c.objc; path = main.m; sourceTree = "<group>"; };
		E3098F7D2500E95F008DF058 /* pixelFree.framework */ = {isa = PBXFileReference; lastKnownFileType = wrapper.framework; path = pixelFree.framework; sourceTree = "<group>"; };
		E3098F812500E98B008DF058 /* filter_lutup_pink.png */ = {isa = PBXFileReference; lastKnownFileType = image.png; path = filter_lutup_pink.png; sourceTree = "<group>"; };
		E3098F822500E98B008DF058 /* filter_lutup_ol.png */ = {isa = PBXFileReference; lastKnownFileType = image.png; path = filter_lutup_ol.png; sourceTree = "<group>"; };
		E30990482500E98B008DF058 /* ViewController.m */ = {isa = PBXFileReference; fileEncoding = 4; lastKnownFileType = sourcecode.c.objc; path = ViewController.m; sourceTree = "<group>"; };
		E30990492500E98B008DF058 /* ViewController.h */ = {isa = PBXFileReference; fileEncoding = 4; lastKnownFileType = sourcecode.c.h; path = ViewController.h; sourceTree = "<group>"; };
		E309904C2500E98D008DF058 /* UIColor+FUAPIDemoBar.h */ = {isa = PBXFileReference; fileEncoding = 4; lastKnownFileType = sourcecode.c.h; path = "UIColor+FUAPIDemoBar.h"; sourceTree = "<group>"; };
		E309904D2500E98D008DF058 /* FUBottomColletionView.m */ = {isa = PBXFileReference; fileEncoding = 4; lastKnownFileType = sourcecode.c.objc; path = FUBottomColletionView.m; sourceTree = "<group>"; };
		E309904E2500E98D008DF058 /* Media.xcassets */ = {isa = PBXFileReference; lastKnownFileType = folder.assetcatalog; path = Media.xcassets; sourceTree = "<group>"; };
		E30990502500E98D008DF058 /* zh-Hans */ = {isa = PBXFileReference; lastKnownFileType = text.plist.strings; name = "zh-Hans"; path = "zh-Hans.lproj/FUDemoBar.strings"; sourceTree = "<group>"; };
		E30990522500E98D008DF058 /* zh-Hans */ = {isa = PBXFileReference; lastKnownFileType = text.plist.strings; name = "zh-Hans"; path = "zh-Hans.lproj/Localizable.strings"; sourceTree = "<group>"; };
		E30990532500E98D008DF058 /* en */ = {isa = PBXFileReference; lastKnownFileType = text.plist.strings; name = en; path = en.lproj/FUDemoBar.strings; sourceTree = "<group>"; };
		E30990542500E98D008DF058 /* en */ = {isa = PBXFileReference; lastKnownFileType = text.plist.strings; name = en; path = en.lproj/Localizable.strings; sourceTree = "<group>"; };
		E30990552500E98D008DF058 /* FUBeautyEditView.m */ = {isa = PBXFileReference; fileEncoding = 4; lastKnownFileType = sourcecode.c.objc; path = FUBeautyEditView.m; sourceTree = "<group>"; };
		E30990562500E98D008DF058 /* FUDemoBarDefine.h */ = {isa = PBXFileReference; fileEncoding = 4; lastKnownFileType = sourcecode.c.h; path = FUDemoBarDefine.h; sourceTree = "<group>"; };
		E30990572500E98D008DF058 /* FUSlider.m */ = {isa = PBXFileReference; fileEncoding = 4; lastKnownFileType = sourcecode.c.objc; path = FUSlider.m; sourceTree = "<group>"; };
		E30990582500E98D008DF058 /* FUBeautyView.h */ = {isa = PBXFileReference; fileEncoding = 4; lastKnownFileType = sourcecode.c.h; path = FUBeautyView.h; sourceTree = "<group>"; };
		E30990592500E98D008DF058 /* FUBeautyParam.m */ = {isa = PBXFileReference; fileEncoding = 4; lastKnownFileType = sourcecode.c.objc; path = FUBeautyParam.m; sourceTree = "<group>"; };
		E309905A2500E98D008DF058 /* FUFilterView.m */ = {isa = PBXFileReference; fileEncoding = 4; lastKnownFileType = sourcecode.c.objc; path = FUFilterView.m; sourceTree = "<group>"; };
		E309905B2500E98D008DF058 /* UIImage+demobar.m */ = {isa = PBXFileReference; fileEncoding = 4; lastKnownFileType = sourcecode.c.objc; path = "UIImage+demobar.m"; sourceTree = "<group>"; };
		E309905C2500E98D008DF058 /* FUAPIDemoBar.m */ = {isa = PBXFileReference; fileEncoding = 4; lastKnownFileType = sourcecode.c.objc; path = FUAPIDemoBar.m; sourceTree = "<group>"; };
		E309905E2500E98D008DF058 /* Base */ = {isa = PBXFileReference; lastKnownFileType = file.xib; name = Base; path = Base.lproj/FUAPIDemoBar.xib; sourceTree = "<group>"; };
		E309905F2500E98D008DF058 /* FUBeautyEditView.h */ = {isa = PBXFileReference; fileEncoding = 4; lastKnownFileType = sourcecode.c.h; path = FUBeautyEditView.h; sourceTree = "<group>"; };
		E30990602500E98D008DF058 /* UIColor+FUAPIDemoBar.m */ = {isa = PBXFileReference; fileEncoding = 4; lastKnownFileType = sourcecode.c.objc; path = "UIColor+FUAPIDemoBar.m"; sourceTree = "<group>"; };
		E30990612500E98D008DF058 /* FUBottomColletionView.h */ = {isa = PBXFileReference; fileEncoding = 4; lastKnownFileType = sourcecode.c.h; path = FUBottomColletionView.h; sourceTree = "<group>"; };
		E30990622500E98D008DF058 /* FUBeautyView.m */ = {isa = PBXFileReference; fileEncoding = 4; lastKnownFileType = sourcecode.c.objc; path = FUBeautyView.m; sourceTree = "<group>"; };
		E30990632500E98D008DF058 /* FUSlider.h */ = {isa = PBXFileReference; fileEncoding = 4; lastKnownFileType = sourcecode.c.h; path = FUSlider.h; sourceTree = "<group>"; };
		E30990652500E98D008DF058 /* FUDateHandle.m */ = {isa = PBXFileReference; fileEncoding = 4; lastKnownFileType = sourcecode.c.objc; path = FUDateHandle.m; sourceTree = "<group>"; };
		E30990662500E98D008DF058 /* FUDateHandle.h */ = {isa = PBXFileReference; fileEncoding = 4; lastKnownFileType = sourcecode.c.h; path = FUDateHandle.h; sourceTree = "<group>"; };
		E30990672500E98D008DF058 /* FUFilterView.h */ = {isa = PBXFileReference; fileEncoding = 4; lastKnownFileType = sourcecode.c.h; path = FUFilterView.h; sourceTree = "<group>"; };
		E30990682500E98D008DF058 /* FUBeautyParam.h */ = {isa = PBXFileReference; fileEncoding = 4; lastKnownFileType = sourcecode.c.h; path = FUBeautyParam.h; sourceTree = "<group>"; };
		E30990692500E98D008DF058 /* FUAPIDemoBar.h */ = {isa = PBXFileReference; fileEncoding = 4; lastKnownFileType = sourcecode.c.h; path = FUAPIDemoBar.h; sourceTree = "<group>"; };
		E309906A2500E98D008DF058 /* UIImage+demobar.h */ = {isa = PBXFileReference; fileEncoding = 4; lastKnownFileType = sourcecode.c.h; path = "UIImage+demobar.h"; sourceTree = "<group>"; };
		E309906C2500E98D008DF058 /* SMEffectFilter.m */ = {isa = PBXFileReference; fileEncoding = 4; lastKnownFileType = sourcecode.c.objc; path = SMEffectFilter.m; sourceTree = "<group>"; };
		E309906F2500E98D008DF058 /* SMEffectFilter.h */ = {isa = PBXFileReference; fileEncoding = 4; lastKnownFileType = sourcecode.c.h; path = SMEffectFilter.h; sourceTree = "<group>"; };
		E30991412500E9D3008DF058 /* Stickers */ = {isa = PBXFileReference; lastKnownFileType = folder; path = Stickers; sourceTree = "<group>"; };
		EEC98CB76814260373C7DB28 /* libPods-PixelFreeEffects.a */ = {isa = PBXFileReference; explicitFileType = archive.ar; includeInIndex = 0; path = "libPods-PixelFreeEffects.a"; sourceTree = BUILT_PRODUCTS_DIR; };
/* End PBXFileReference section */

/* Begin PBXFrameworksBuildPhase section */
		E3098F5D2500E89C008DF058 /* Frameworks */ = {
			isa = PBXFrameworksBuildPhase;
			buildActionMask = 2147483647;
			files = (
				E30991432500E9EE008DF058 /* pixelFree.framework in Frameworks */,
				D1F87789D81E3179A4054192 /* libPods-PixelFreeEffects.a in Frameworks */,
			);
			runOnlyForDeploymentPostprocessing = 0;
		};
/* End PBXFrameworksBuildPhase section */

/* Begin PBXGroup section */
		2F79B7AAF371900B0991C737 /* Frameworks */ = {
			isa = PBXGroup;
			children = (
				EEC98CB76814260373C7DB28 /* libPods-PixelFreeEffects.a */,
			);
			name = Frameworks;
			sourceTree = "<group>";
		};
		C361715B1EF903F3971F65EE /* Pods */ = {
			isa = PBXGroup;
			children = (
				4313684DE992B5A1A4E3ECC3 /* Pods-PixelFreeEffects.debug.xcconfig */,
				46320CC86CF3EA4634C17980 /* Pods-PixelFreeEffects.release.xcconfig */,
			);
			path = Pods;
			sourceTree = "<group>";
		};
		E3098F572500E89C008DF058 = {
			isa = PBXGroup;
			children = (
				E3098F622500E89C008DF058 /* PixelFreeEffects */,
				E3098F612500E89C008DF058 /* Products */,
				C361715B1EF903F3971F65EE /* Pods */,
				2F79B7AAF371900B0991C737 /* Frameworks */,
			);
			sourceTree = "<group>";
		};
		E3098F612500E89C008DF058 /* Products */ = {
			isa = PBXGroup;
			children = (
				E3098F602500E89C008DF058 /* PixelFreeEffects.app */,
			);
			name = Products;
			sourceTree = "<group>";
		};
		E3098F622500E89C008DF058 /* PixelFreeEffects */ = {
			isa = PBXGroup;
			children = (
				E309906B2500E98D008DF058 /* Filters */,
				E3098F7F2500E98B008DF058 /* Resource */,
				E30990472500E98B008DF058 /* ViewController */,
				E309904A2500E98D008DF058 /* View */,
				E3098F7C2500E944008DF058 /* Lib */,
				E3098F632500E89C008DF058 /* AppDelegate.h */,
				E3098F642500E89C008DF058 /* AppDelegate.m */,
				E3098F662500E89C008DF058 /* SceneDelegate.h */,
				E3098F672500E89C008DF058 /* SceneDelegate.m */,
				E3098F6C2500E89C008DF058 /* Main.storyboard */,
				E3098F6F2500E8A0008DF058 /* Assets.xcassets */,
				E3098F712500E8A0008DF058 /* LaunchScreen.storyboard */,
				E3098F742500E8A0008DF058 /* Info.plist */,
				E3098F752500E8A0008DF058 /* main.m */,
			);
			path = PixelFreeEffects;
			sourceTree = "<group>";
		};
		E3098F7C2500E944008DF058 /* Lib */ = {
			isa = PBXGroup;
			children = (
				E3098F7D2500E95F008DF058 /* pixelFree.framework */,
			);
			path = Lib;
			sourceTree = "<group>";
		};
		E3098F7F2500E98B008DF058 /* Resource */ = {
			isa = PBXGroup;
			children = (
				E30991412500E9D3008DF058 /* Stickers */,
				E3098F802500E98B008DF058 /* Filters */,
			);
			path = Resource;
			sourceTree = "<group>";
		};
		E3098F802500E98B008DF058 /* Filters */ = {
			isa = PBXGroup;
			children = (
				E3098F812500E98B008DF058 /* filter_lutup_pink.png */,
				E3098F822500E98B008DF058 /* filter_lutup_ol.png */,
			);
			path = Filters;
			sourceTree = "<group>";
		};
		E30990472500E98B008DF058 /* ViewController */ = {
			isa = PBXGroup;
			children = (
				E30990492500E98B008DF058 /* ViewController.h */,
				E30990482500E98B008DF058 /* ViewController.m */,
			);
			path = ViewController;
			sourceTree = "<group>";
		};
		E309904A2500E98D008DF058 /* View */ = {
			isa = PBXGroup;
			children = (
				E309904B2500E98D008DF058 /* FUAPIDemoBar */,
			);
			path = View;
			sourceTree = "<group>";
		};
		E309904B2500E98D008DF058 /* FUAPIDemoBar */ = {
			isa = PBXGroup;
			children = (
				E309904C2500E98D008DF058 /* UIColor+FUAPIDemoBar.h */,
				E309904D2500E98D008DF058 /* FUBottomColletionView.m */,
				E309904E2500E98D008DF058 /* Media.xcassets */,
				E309904F2500E98D008DF058 /* FUDemoBar.strings */,
				E30990512500E98D008DF058 /* Localizable.strings */,
				E30990552500E98D008DF058 /* FUBeautyEditView.m */,
				E30990562500E98D008DF058 /* FUDemoBarDefine.h */,
				E30990572500E98D008DF058 /* FUSlider.m */,
				E30990582500E98D008DF058 /* FUBeautyView.h */,
				E30990592500E98D008DF058 /* FUBeautyParam.m */,
				E309905A2500E98D008DF058 /* FUFilterView.m */,
				E309905B2500E98D008DF058 /* UIImage+demobar.m */,
				E309905C2500E98D008DF058 /* FUAPIDemoBar.m */,
				E309905D2500E98D008DF058 /* FUAPIDemoBar.xib */,
				E309905F2500E98D008DF058 /* FUBeautyEditView.h */,
				E30990602500E98D008DF058 /* UIColor+FUAPIDemoBar.m */,
				E30990612500E98D008DF058 /* FUBottomColletionView.h */,
				E30990622500E98D008DF058 /* FUBeautyView.m */,
				E30990632500E98D008DF058 /* FUSlider.h */,
				E30990642500E98D008DF058 /* modle */,
				E30990672500E98D008DF058 /* FUFilterView.h */,
				E30990682500E98D008DF058 /* FUBeautyParam.h */,
				E30990692500E98D008DF058 /* FUAPIDemoBar.h */,
				E309906A2500E98D008DF058 /* UIImage+demobar.h */,
			);
			path = FUAPIDemoBar;
			sourceTree = "<group>";
		};
		E30990642500E98D008DF058 /* modle */ = {
			isa = PBXGroup;
			children = (
				E30990652500E98D008DF058 /* FUDateHandle.m */,
				E30990662500E98D008DF058 /* FUDateHandle.h */,
			);
			path = modle;
			sourceTree = "<group>";
		};
		E309906B2500E98D008DF058 /* Filters */ = {
			isa = PBXGroup;
			children = (
				E309906F2500E98D008DF058 /* SMEffectFilter.h */,
				E309906C2500E98D008DF058 /* SMEffectFilter.m */,
			);
			path = Filters;
			sourceTree = "<group>";
		};
/* End PBXGroup section */

/* Begin PBXNativeTarget section */
		E3098F5F2500E89C008DF058 /* PixelFreeEffects */ = {
			isa = PBXNativeTarget;
			buildConfigurationList = E3098F792500E8A0008DF058 /* Build configuration list for PBXNativeTarget "PixelFreeEffects" */;
			buildPhases = (
				7D168D167E8F630624A37975 /* [CP] Check Pods Manifest.lock */,
				E3098F5C2500E89C008DF058 /* Sources */,
				E3098F5D2500E89C008DF058 /* Frameworks */,
				E3098F5E2500E89C008DF058 /* Resources */,
				E30991452500E9EE008DF058 /* Embed Frameworks */,
				1BEB1118CE670672E783B830 /* [CP] Copy Pods Resources */,
			);
			buildRules = (
			);
			dependencies = (
			);
			name = PixelFreeEffects;
			productName = PixelFreeEffects;
			productReference = E3098F602500E89C008DF058 /* PixelFreeEffects.app */;
			productType = "com.apple.product-type.application";
		};
/* End PBXNativeTarget section */

/* Begin PBXProject section */
		E3098F582500E89C008DF058 /* Project object */ = {
			isa = PBXProject;
			attributes = {
				LastUpgradeCheck = 1130;
				ORGANIZATIONNAME = "孙慕";
				TargetAttributes = {
					E3098F5F2500E89C008DF058 = {
						CreatedOnToolsVersion = 11.3.1;
					};
				};
			};
			buildConfigurationList = E3098F5B2500E89C008DF058 /* Build configuration list for PBXProject "PixelFreeEffects" */;
			compatibilityVersion = "Xcode 9.3";
			developmentRegion = en;
			hasScannedForEncodings = 0;
			knownRegions = (
				en,
				Base,
				"zh-Hans",
			);
			mainGroup = E3098F572500E89C008DF058;
			productRefGroup = E3098F612500E89C008DF058 /* Products */;
			projectDirPath = "";
			projectRoot = "";
			targets = (
				E3098F5F2500E89C008DF058 /* PixelFreeEffects */,
			);
		};
/* End PBXProject section */

/* Begin PBXResourcesBuildPhase section */
		E3098F5E2500E89C008DF058 /* Resources */ = {
			isa = PBXResourcesBuildPhase;
			buildActionMask = 2147483647;
			files = (
				E30991342500E98D008DF058 /* Localizable.strings in Resources */,
				E309913B2500E98D008DF058 /* FUAPIDemoBar.xib in Resources */,
				E30990702500E98D008DF058 /* filter_lutup_pink.png in Resources */,
				E30991322500E98D008DF058 /* Media.xcassets in Resources */,
				E30990712500E98D008DF058 /* filter_lutup_ol.png in Resources */,
				E3098F732500E8A0008DF058 /* LaunchScreen.storyboard in Resources */,
				E30991422500E9D3008DF058 /* Stickers in Resources */,
				E3098F702500E8A0008DF058 /* Assets.xcassets in Resources */,
				E3098F6E2500E89C008DF058 /* Main.storyboard in Resources */,
				E30991332500E98D008DF058 /* FUDemoBar.strings in Resources */,
			);
			runOnlyForDeploymentPostprocessing = 0;
		};
/* End PBXResourcesBuildPhase section */

/* Begin PBXShellScriptBuildPhase section */
		1BEB1118CE670672E783B830 /* [CP] Copy Pods Resources */ = {
			isa = PBXShellScriptBuildPhase;
			buildActionMask = 2147483647;
			files = (
			);
			inputFileListPaths = (
				"${PODS_ROOT}/Target Support Files/Pods-PixelFreeEffects/Pods-PixelFreeEffects-resources-${CONFIGURATION}-input-files.xcfilelist",
			);
			name = "[CP] Copy Pods Resources";
			outputFileListPaths = (
				"${PODS_ROOT}/Target Support Files/Pods-PixelFreeEffects/Pods-PixelFreeEffects-resources-${CONFIGURATION}-output-files.xcfilelist",
			);
			runOnlyForDeploymentPostprocessing = 0;
			shellPath = /bin/sh;
			shellScript = "\"${PODS_ROOT}/Target Support Files/Pods-PixelFreeEffects/Pods-PixelFreeEffects-resources.sh\"\n";
			showEnvVarsInLog = 0;
		};
		7D168D167E8F630624A37975 /* [CP] Check Pods Manifest.lock */ = {
			isa = PBXShellScriptBuildPhase;
			buildActionMask = 2147483647;
			files = (
			);
			inputFileListPaths = (
			);
			inputPaths = (
				"${PODS_PODFILE_DIR_PATH}/Podfile.lock",
				"${PODS_ROOT}/Manifest.lock",
			);
			name = "[CP] Check Pods Manifest.lock";
			outputFileListPaths = (
			);
			outputPaths = (
				"$(DERIVED_FILE_DIR)/Pods-PixelFreeEffects-checkManifestLockResult.txt",
			);
			runOnlyForDeploymentPostprocessing = 0;
			shellPath = /bin/sh;
			shellScript = "diff \"${PODS_PODFILE_DIR_PATH}/Podfile.lock\" \"${PODS_ROOT}/Manifest.lock\" > /dev/null\nif [ $? != 0 ] ; then\n    # print error to STDERR\n    echo \"error: The sandbox is not in sync with the Podfile.lock. Run 'pod install' or update your CocoaPods installation.\" >&2\n    exit 1\nfi\n# This output is used by Xcode 'outputs' to avoid re-running this script phase.\necho \"SUCCESS\" > \"${SCRIPT_OUTPUT_FILE_0}\"\n";
			showEnvVarsInLog = 0;
		};
/* End PBXShellScriptBuildPhase section */

/* Begin PBXSourcesBuildPhase section */
		E3098F5C2500E89C008DF058 /* Sources */ = {
			isa = PBXSourcesBuildPhase;
			buildActionMask = 2147483647;
			files = (
				E309913A2500E98D008DF058 /* FUAPIDemoBar.m in Sources */,
				E30991392500E98D008DF058 /* UIImage+demobar.m in Sources */,
				E3098F652500E89C008DF058 /* AppDelegate.m in Sources */,
				E30991312500E98D008DF058 /* FUBottomColletionView.m in Sources */,
				E30991362500E98D008DF058 /* FUSlider.m in Sources */,
				E309913E2500E98D008DF058 /* FUDateHandle.m in Sources */,
				E3098F762500E8A0008DF058 /* main.m in Sources */,
				E30991352500E98D008DF058 /* FUBeautyEditView.m in Sources */,
				E3098F682500E89C008DF058 /* SceneDelegate.m in Sources */,
				E30991382500E98D008DF058 /* FUFilterView.m in Sources */,
				E30991372500E98D008DF058 /* FUBeautyParam.m in Sources */,
				E309913C2500E98D008DF058 /* UIColor+FUAPIDemoBar.m in Sources */,
				E30991302500E98D008DF058 /* ViewController.m in Sources */,
				E309913F2500E98D008DF058 /* SMEffectFilter.m in Sources */,
				E309913D2500E98D008DF058 /* FUBeautyView.m in Sources */,
			);
			runOnlyForDeploymentPostprocessing = 0;
		};
/* End PBXSourcesBuildPhase section */

/* Begin PBXVariantGroup section */
		E3098F6C2500E89C008DF058 /* Main.storyboard */ = {
			isa = PBXVariantGroup;
			children = (
				E3098F6D2500E89C008DF058 /* Base */,
			);
			name = Main.storyboard;
			sourceTree = "<group>";
		};
		E3098F712500E8A0008DF058 /* LaunchScreen.storyboard */ = {
			isa = PBXVariantGroup;
			children = (
				E3098F722500E8A0008DF058 /* Base */,
			);
			name = LaunchScreen.storyboard;
			sourceTree = "<group>";
		};
		E309904F2500E98D008DF058 /* FUDemoBar.strings */ = {
			isa = PBXVariantGroup;
			children = (
				E30990502500E98D008DF058 /* zh-Hans */,
				E30990532500E98D008DF058 /* en */,
			);
			name = FUDemoBar.strings;
			sourceTree = "<group>";
		};
		E30990512500E98D008DF058 /* Localizable.strings */ = {
			isa = PBXVariantGroup;
			children = (
				E30990522500E98D008DF058 /* zh-Hans */,
				E30990542500E98D008DF058 /* en */,
			);
			name = Localizable.strings;
			sourceTree = "<group>";
		};
		E309905D2500E98D008DF058 /* FUAPIDemoBar.xib */ = {
			isa = PBXVariantGroup;
			children = (
				E309905E2500E98D008DF058 /* Base */,
			);
			name = FUAPIDemoBar.xib;
			sourceTree = "<group>";
		};
/* End PBXVariantGroup section */

/* Begin XCBuildConfiguration section */
		E3098F772500E8A0008DF058 /* Debug */ = {
			isa = XCBuildConfiguration;
			buildSettings = {
				ALWAYS_SEARCH_USER_PATHS = NO;
				CLANG_ANALYZER_NONNULL = YES;
				CLANG_ANALYZER_NUMBER_OBJECT_CONVERSION = YES_AGGRESSIVE;
				CLANG_CXX_LANGUAGE_STANDARD = "gnu++14";
				CLANG_CXX_LIBRARY = "libc++";
				CLANG_ENABLE_MODULES = YES;
				CLANG_ENABLE_OBJC_ARC = YES;
				CLANG_ENABLE_OBJC_WEAK = YES;
				CLANG_WARN_BLOCK_CAPTURE_AUTORELEASING = YES;
				CLANG_WARN_BOOL_CONVERSION = YES;
				CLANG_WARN_COMMA = YES;
				CLANG_WARN_CONSTANT_CONVERSION = YES;
				CLANG_WARN_DEPRECATED_OBJC_IMPLEMENTATIONS = YES;
				CLANG_WARN_DIRECT_OBJC_ISA_USAGE = YES_ERROR;
				CLANG_WARN_DOCUMENTATION_COMMENTS = YES;
				CLANG_WARN_EMPTY_BODY = YES;
				CLANG_WARN_ENUM_CONVERSION = YES;
				CLANG_WARN_INFINITE_RECURSION = YES;
				CLANG_WARN_INT_CONVERSION = YES;
				CLANG_WARN_NON_LITERAL_NULL_CONVERSION = YES;
				CLANG_WARN_OBJC_IMPLICIT_RETAIN_SELF = YES;
				CLANG_WARN_OBJC_LITERAL_CONVERSION = YES;
				CLANG_WARN_OBJC_ROOT_CLASS = YES_ERROR;
				CLANG_WARN_RANGE_LOOP_ANALYSIS = YES;
				CLANG_WARN_STRICT_PROTOTYPES = YES;
				CLANG_WARN_SUSPICIOUS_MOVE = YES;
				CLANG_WARN_UNGUARDED_AVAILABILITY = YES_AGGRESSIVE;
				CLANG_WARN_UNREACHABLE_CODE = YES;
				CLANG_WARN__DUPLICATE_METHOD_MATCH = YES;
				COPY_PHASE_STRIP = NO;
				DEBUG_INFORMATION_FORMAT = dwarf;
				ENABLE_STRICT_OBJC_MSGSEND = YES;
				ENABLE_TESTABILITY = YES;
				GCC_C_LANGUAGE_STANDARD = gnu11;
				GCC_DYNAMIC_NO_PIC = NO;
				GCC_NO_COMMON_BLOCKS = YES;
				GCC_OPTIMIZATION_LEVEL = 0;
				GCC_PREPROCESSOR_DEFINITIONS = (
					"DEBUG=1",
					"$(inherited)",
				);
				GCC_WARN_64_TO_32_BIT_CONVERSION = YES;
				GCC_WARN_ABOUT_RETURN_TYPE = YES_ERROR;
				GCC_WARN_UNDECLARED_SELECTOR = YES;
				GCC_WARN_UNINITIALIZED_AUTOS = YES_AGGRESSIVE;
				GCC_WARN_UNUSED_FUNCTION = YES;
				GCC_WARN_UNUSED_VARIABLE = YES;
				IPHONEOS_DEPLOYMENT_TARGET = 13.2;
				MTL_ENABLE_DEBUG_INFO = INCLUDE_SOURCE;
				MTL_FAST_MATH = YES;
				ONLY_ACTIVE_ARCH = YES;
				SDKROOT = iphoneos;
			};
			name = Debug;
		};
		E3098F782500E8A0008DF058 /* Release */ = {
			isa = XCBuildConfiguration;
			buildSettings = {
				ALWAYS_SEARCH_USER_PATHS = NO;
				CLANG_ANALYZER_NONNULL = YES;
				CLANG_ANALYZER_NUMBER_OBJECT_CONVERSION = YES_AGGRESSIVE;
				CLANG_CXX_LANGUAGE_STANDARD = "gnu++14";
				CLANG_CXX_LIBRARY = "libc++";
				CLANG_ENABLE_MODULES = YES;
				CLANG_ENABLE_OBJC_ARC = YES;
				CLANG_ENABLE_OBJC_WEAK = YES;
				CLANG_WARN_BLOCK_CAPTURE_AUTORELEASING = YES;
				CLANG_WARN_BOOL_CONVERSION = YES;
				CLANG_WARN_COMMA = YES;
				CLANG_WARN_CONSTANT_CONVERSION = YES;
				CLANG_WARN_DEPRECATED_OBJC_IMPLEMENTATIONS = YES;
				CLANG_WARN_DIRECT_OBJC_ISA_USAGE = YES_ERROR;
				CLANG_WARN_DOCUMENTATION_COMMENTS = YES;
				CLANG_WARN_EMPTY_BODY = YES;
				CLANG_WARN_ENUM_CONVERSION = YES;
				CLANG_WARN_INFINITE_RECURSION = YES;
				CLANG_WARN_INT_CONVERSION = YES;
				CLANG_WARN_NON_LITERAL_NULL_CONVERSION = YES;
				CLANG_WARN_OBJC_IMPLICIT_RETAIN_SELF = YES;
				CLANG_WARN_OBJC_LITERAL_CONVERSION = YES;
				CLANG_WARN_OBJC_ROOT_CLASS = YES_ERROR;
				CLANG_WARN_RANGE_LOOP_ANALYSIS = YES;
				CLANG_WARN_STRICT_PROTOTYPES = YES;
				CLANG_WARN_SUSPICIOUS_MOVE = YES;
				CLANG_WARN_UNGUARDED_AVAILABILITY = YES_AGGRESSIVE;
				CLANG_WARN_UNREACHABLE_CODE = YES;
				CLANG_WARN__DUPLICATE_METHOD_MATCH = YES;
				COPY_PHASE_STRIP = NO;
				DEBUG_INFORMATION_FORMAT = "dwarf-with-dsym";
				ENABLE_NS_ASSERTIONS = NO;
				ENABLE_STRICT_OBJC_MSGSEND = YES;
				GCC_C_LANGUAGE_STANDARD = gnu11;
				GCC_NO_COMMON_BLOCKS = YES;
				GCC_WARN_64_TO_32_BIT_CONVERSION = YES;
				GCC_WARN_ABOUT_RETURN_TYPE = YES_ERROR;
				GCC_WARN_UNDECLARED_SELECTOR = YES;
				GCC_WARN_UNINITIALIZED_AUTOS = YES_AGGRESSIVE;
				GCC_WARN_UNUSED_FUNCTION = YES;
				GCC_WARN_UNUSED_VARIABLE = YES;
				IPHONEOS_DEPLOYMENT_TARGET = 13.2;
				MTL_ENABLE_DEBUG_INFO = NO;
				MTL_FAST_MATH = YES;
				SDKROOT = iphoneos;
				VALIDATE_PRODUCT = YES;
			};
			name = Release;
		};
		E3098F7A2500E8A0008DF058 /* Debug */ = {
			isa = XCBuildConfiguration;
			baseConfigurationReference = 4313684DE992B5A1A4E3ECC3 /* Pods-PixelFreeEffects.debug.xcconfig */;
			buildSettings = {
				ASSETCATALOG_COMPILER_APPICON_NAME = AppIcon;
				CODE_SIGN_STYLE = Automatic;
				DEVELOPMENT_TEAM = 35A6KD62ZJ;
				FRAMEWORK_SEARCH_PATHS = (
					"$(inherited)",
					"$(PROJECT_DIR)/PixelFreeEffects/Lib",
				);
				INFOPLIST_FILE = PixelFreeEffects/Info.plist;
				IPHONEOS_DEPLOYMENT_TARGET = 10.0;
				LD_RUNPATH_SEARCH_PATHS = (
					"$(inherited)",
					"@executable_path/Frameworks",
				);
				PRODUCT_BUNDLE_IDENTIFIER = sunmu.PixelFreeEffects;
				PRODUCT_NAME = "$(TARGET_NAME)";
				TARGETED_DEVICE_FAMILY = "1,2";
			};
			name = Debug;
		};
		E3098F7B2500E8A0008DF058 /* Release */ = {
			isa = XCBuildConfiguration;
			baseConfigurationReference = 46320CC86CF3EA4634C17980 /* Pods-PixelFreeEffects.release.xcconfig */;
			buildSettings = {
				ASSETCATALOG_COMPILER_APPICON_NAME = AppIcon;
				CODE_SIGN_STYLE = Automatic;
				DEVELOPMENT_TEAM = 35A6KD62ZJ;
				FRAMEWORK_SEARCH_PATHS = (
					"$(inherited)",
					"$(PROJECT_DIR)/PixelFreeEffects/Lib",
				);
				INFOPLIST_FILE = PixelFreeEffects/Info.plist;
				IPHONEOS_DEPLOYMENT_TARGET = 10.0;
				LD_RUNPATH_SEARCH_PATHS = (
					"$(inherited)",
					"@executable_path/Frameworks",
				);
				PRODUCT_BUNDLE_IDENTIFIER = sunmu.PixelFreeEffects;
				PRODUCT_NAME = "$(TARGET_NAME)";
				TARGETED_DEVICE_FAMILY = "1,2";
			};
			name = Release;
		};
/* End XCBuildConfiguration section */

/* Begin XCConfigurationList section */
		E3098F5B2500E89C008DF058 /* Build configuration list for PBXProject "PixelFreeEffects" */ = {
			isa = XCConfigurationList;
			buildConfigurations = (
				E3098F772500E8A0008DF058 /* Debug */,
				E3098F782500E8A0008DF058 /* Release */,
			);
			defaultConfigurationIsVisible = 0;
			defaultConfigurationName = Release;
		};
		E3098F792500E8A0008DF058 /* Build configuration list for PBXNativeTarget "PixelFreeEffects" */ = {
			isa = XCConfigurationList;
			buildConfigurations = (
				E3098F7A2500E8A0008DF058 /* Debug */,
				E3098F7B2500E8A0008DF058 /* Release */,
			);
			defaultConfigurationIsVisible = 0;
			defaultConfigurationName = Release;
		};
/* End XCConfigurationList section */
	};
	rootObject = E3098F582500E89C008DF058 /* Project object */;
}
